
Microsoft Visual Studio Solution File, Format Version 12.00
# Visual Studio 15
VisualStudioVersion = 15.0.28307.705
MinimumVisualStudioVersion = 10.0.40219.1
Project("{FAE04EC0-301F-11D3-BF4B-00C04F79EFBC}") = "SealSystem.Models", "SealSystem.Models\SealSystem.Models.csproj", "{E92CEC8E-7FAA-4C6F-9B53-D05E261ECC74}"
EndProject
Project("{FAE04EC0-301F-11D3-BF4B-00C04F79EFBC}") = "SealSystem.DAL", "SealSystem.DAL\SealSystem.DAL.csproj", "{3355315D-C8E2-4191-8032-CD534719245B}"
EndProject
Project("{FAE04EC0-301F-11D3-BF4B-00C04F79EFBC}") = "SealSystem.BLL", "SealSystem.BLL\SealSystem.BLL.csproj", "{6421602F-C11D-4BC5-AD47-B3BC3B38B1DD}"
EndProject
Project("{FAE04EC0-301F-11D3-BF4B-00C04F79EFBC}") = "SealSystem.Dto", "SealSystem.Dto\SealSystem.Dto.csproj", "{0FBAFE61-431D-4145-BBFC-21546331D3AB}"
EndProject
Project("{FAE04EC0-301F-11D3-BF4B-00C04F79EFBC}") = "SealSystem.Web3", "SealSystem.Web3\SealSystem.Web3.csproj", "{E65BB0D2-8BEE-48AE-AF29-A3CB5EC21B5A}"
EndProject
Global
	GlobalSection(SolutionConfigurationPlatforms) = preSolution
		Debug|Any CPU = Debug|Any CPU
		Release|Any CPU = Release|Any CPU
	EndGlobalSection
	GlobalSection(ProjectConfigurationPlatforms) = postSolution
		{E92CEC8E-7FAA-4C6F-9B53-D05E261ECC74}.Debug|Any CPU.ActiveCfg = Debug|Any CPU
		{E92CEC8E-7FAA-4C6F-9B53-D05E261ECC74}.Debug|Any CPU.Build.0 = Debug|Any CPU
		{E92CEC8E-7FAA-4C6F-9B53-D05E261ECC74}.Release|Any CPU.ActiveCfg = Release|Any CPU
		{E92CEC8E-7FAA-4C6F-9B53-D05E261ECC74}.Release|Any CPU.Build.0 = Release|Any CPU
		{3355315D-C8E2-4191-8032-CD534719245B}.Debug|Any CPU.ActiveCfg = Debug|Any CPU
		{3355315D-C8E2-4191-8032-CD534719245B}.Debug|Any CPU.Build.0 = Debug|Any CPU
		{3355315D-C8E2-4191-8032-CD534719245B}.Release|Any CPU.ActiveCfg = Release|Any CPU
		{3355315D-C8E2-4191-8032-CD534719245B}.Release|Any CPU.Build.0 = Release|Any CPU
		{6421602F-C11D-4BC5-AD47-B3BC3B38B1DD}.Debug|Any CPU.ActiveCfg = Debug|Any CPU
		{6421602F-C11D-4BC5-AD47-B3BC3B38B1DD}.Debug|Any CPU.Build.0 = Debug|Any CPU
		{6421602F-C11D-4BC5-AD47-B3BC3B38B1DD}.Release|Any CPU.ActiveCfg = Release|Any CPU
		{6421602F-C11D-4BC5-AD47-B3BC3B38B1DD}.Release|Any CPU.Build.0 = Release|Any CPU
		{0FBAFE61-431D-4145-BBFC-21546331D3AB}.Debug|Any CPU.ActiveCfg = Debug|Any CPU
		{0FBAFE61-431D-4145-BBFC-21546331D3AB}.Debug|Any CPU.Build.0 = Debug|Any CPU
		{0FBAFE61-431D-4145-BBFC-21546331D3AB}.Release|Any CPU.ActiveCfg = Release|Any CPU
		{0FBAFE61-431D-4145-BBFC-21546331D3AB}.Release|Any CPU.Build.0 = Release|Any CPU
		{E65BB0D2-8BEE-48AE-AF29-A3CB5EC21B5A}.Debug|Any CPU.ActiveCfg = Debug|Any CPU
		{E65BB0D2-8BEE-48AE-AF29-A3CB5EC21B5A}.Debug|Any CPU.Build.0 = Debug|Any CPU
		{E65BB0D2-8BEE-48AE-AF29-A3CB5EC21B5A}.Release|Any CPU.ActiveCfg = Release|Any CPU
		{E65BB0D2-8BEE-48AE-AF29-A3CB5EC21B5A}.Release|Any CPU.Build.0 = Release|Any CPU
	EndGlobalSection
	GlobalSection(SolutionProperties) = preSolution
		HideSolutionNode = FALSE
	EndGlobalSection
	GlobalSection(ExtensibilityGlobals) = postSolution
		SolutionGuid = {1B4F0B9B-FFFA-485A-9ED0-C13578769A4E}
	EndGlobalSection
EndGlobal
