
Microsoft Visual Studio Solution File, Format Version 12.00
# Visual Studio 15
VisualStudioVersion = 15.0.28307.705
MinimumVisualStudioVersion = 10.0.40219.1
Project("{FAE04EC0-301F-11D3-BF4B-00C04F79EFBC}") = "SealSystem.Models", "SealSystem.Models\SealSystem.Models.csproj", "{E92CEC8E-7FAA-4C6F-9B53-D05E261ECC74}"
EndProject
Project("{FAE04EC0-301F-11D3-BF4B-00C04F79EFBC}") = "SealSystem.IDAL", "SealSystem.IDAL\SealSystem.IDAL.csproj", "{13CB6AD5-FF3B-4B7B-BEEC-F32BEA86E5E1}"
EndProject
Project("{FAE04EC0-301F-11D3-BF4B-00C04F79EFBC}") = "SealSystem.DAL", "SealSystem.DAL\SealSystem.DAL.csproj", "{3355315D-C8E2-4191-8032-CD534719245B}"
EndProject
Project("{FAE04EC0-301F-11D3-BF4B-00C04F79EFBC}") = "SealSystem.Web", "SealSystem.Web\SealSystem.Web.csproj", "{DE7FD9AE-C60B-4A8D-9CC8-678AF589EA20}"
EndProject
Global
	GlobalSection(SolutionConfigurationPlatforms) = preSolution
		Debug|Any CPU = Debug|Any CPU
		Release|Any CPU = Release|Any CPU
	EndGlobalSection
	GlobalSection(ProjectConfigurationPlatforms) = postSolution
		{E92CEC8E-7FAA-4C6F-9B53-D05E261ECC74}.Debug|Any CPU.ActiveCfg = Debug|Any CPU
		{E92CEC8E-7FAA-4C6F-9B53-D05E261ECC74}.Debug|Any CPU.Build.0 = Debug|Any CPU
		{E92CEC8E-7FAA-4C6F-9B53-D05E261ECC74}.Release|Any CPU.ActiveCfg = Release|Any CPU
		{E92CEC8E-7FAA-4C6F-9B53-D05E261ECC74}.Release|Any CPU.Build.0 = Release|Any CPU
		{13CB6AD5-FF3B-4B7B-BEEC-F32BEA86E5E1}.Debug|Any CPU.ActiveCfg = Debug|Any CPU
		{13CB6AD5-FF3B-4B7B-BEEC-F32BEA86E5E1}.Debug|Any CPU.Build.0 = Debug|Any CPU
		{13CB6AD5-FF3B-4B7B-BEEC-F32BEA86E5E1}.Release|Any CPU.ActiveCfg = Release|Any CPU
		{13CB6AD5-FF3B-4B7B-BEEC-F32BEA86E5E1}.Release|Any CPU.Build.0 = Release|Any CPU
		{3355315D-C8E2-4191-8032-CD534719245B}.Debug|Any CPU.ActiveCfg = Debug|Any CPU
		{3355315D-C8E2-4191-8032-CD534719245B}.Debug|Any CPU.Build.0 = Debug|Any CPU
		{3355315D-C8E2-4191-8032-CD534719245B}.Release|Any CPU.ActiveCfg = Release|Any CPU
		{3355315D-C8E2-4191-8032-CD534719245B}.Release|Any CPU.Build.0 = Release|Any CPU
		{DE7FD9AE-C60B-4A8D-9CC8-678AF589EA20}.Debug|Any CPU.ActiveCfg = Debug|Any CPU
		{DE7FD9AE-C60B-4A8D-9CC8-678AF589EA20}.Debug|Any CPU.Build.0 = Debug|Any CPU
		{DE7FD9AE-C60B-4A8D-9CC8-678AF589EA20}.Release|Any CPU.ActiveCfg = Release|Any CPU
		{DE7FD9AE-C60B-4A8D-9CC8-678AF589EA20}.Release|Any CPU.Build.0 = Release|Any CPU
	EndGlobalSection
	GlobalSection(SolutionProperties) = preSolution
		HideSolutionNode = FALSE
	EndGlobalSection
	GlobalSection(ExtensibilityGlobals) = postSolution
		SolutionGuid = {1B4F0B9B-FFFA-485A-9ED0-C13578769A4E}
	EndGlobalSection
EndGlobal
